
Microsoft Visual Studio Solution File, Format Version 12.00
# Visual Studio Version 16
VisualStudioVersion = 16.0.30330.147
MinimumVisualStudioVersion = 10.0.40219.1
Project("{FAE04EC0-301F-11D3-BF4B-00C04F79EFBC}") = "ReportGate", "ReportGate.csproj", "{52428333-6820-4BD9-8F49-2B5FA63360D9}"
EndProject
Project("{2150E333-8FDC-42A3-9474-1A3956D46DE8}") = "Solution Items", "Solution Items", "{58909519-BE62-45A5-AE75-96F4B05051C6}"
	ProjectSection(SolutionItems) = preProject
		.editorconfig = .editorconfig
	EndProjectSection
EndProject
Global
	GlobalSection(SolutionConfigurationPlatforms) = preSolution
		Debug|Any CPU = Debug|Any CPU
		Release|Any CPU = Release|Any CPU
	EndGlobalSection
	GlobalSection(ProjectConfigurationPlatforms) = postSolution
		{52428333-6820-4BD9-8F49-2B5FA63360D9}.Debug|Any CPU.ActiveCfg = Debug|Any CPU
		{52428333-6820-4BD9-8F49-2B5FA63360D9}.Debug|Any CPU.Build.0 = Debug|Any CPU
		{52428333-6820-4BD9-8F49-2B5FA63360D9}.Release|Any CPU.ActiveCfg = Release|Any CPU
		{52428333-6820-4BD9-8F49-2B5FA63360D9}.Release|Any CPU.Build.0 = Release|Any CPU
	EndGlobalSection
	GlobalSection(SolutionProperties) = preSolution
		HideSolutionNode = FALSE
	EndGlobalSection
	GlobalSection(ExtensibilityGlobals) = postSolution
		SolutionGuid = {9B5A7B16-F71A-4615-8F61-E8CBB17BE220}
	EndGlobalSection
EndGlobal
